
Microsoft Visual Studio Solution File, Format Version 12.00
# Visual Studio 14
VisualStudioVersion = 14.0.22823.1
MinimumVisualStudioVersion = 10.0.40219.1
Project("{FAE04EC0-301F-11D3-BF4B-00C04F79EFBC}") = "Raccoon", "Raccoon\Raccoon.csproj", "{C8E6E9A0-4837-4606-B84F-676ABC89012D}"
EndProject
Project("{FAE04EC0-301F-11D3-BF4B-00C04F79EFBC}") = "Raccoon.Objects", "Raccoon.Objects\Raccoon.Objects.csproj", "{D8ECBCDC-D50C-4E7B-A360-B08F2AB65E8F}"
EndProject
Project("{FAE04EC0-301F-11D3-BF4B-00C04F79EFBC}") = "Raccoon.Objects.Tests", "Raccoon.Objects.Tests\Raccoon.Objects.Tests.csproj", "{3AACED53-9B78-4C64-9569-3B3B7BE36DDB}"
EndProject
Project("{FAE04EC0-301F-11D3-BF4B-00C04F79EFBC}") = "Raccoon.Console", "Raccoon.Console\Raccoon.Console.csproj", "{7B9DD7A8-0D60-4478-B709-76F2A3D089B5}"
EndProject
Project("{2150E333-8FDC-42A3-9474-1A3956D46DE8}") = "Solution Items", "Solution Items", "{ECD14A22-F4E9-4EC5-AD7C-FE9417C19F68}"
	ProjectSection(SolutionItems) = preProject
		mappings.json = mappings.json
		river.json = river.json
	EndProjectSection
EndProject
Global
	GlobalSection(SolutionConfigurationPlatforms) = preSolution
		Debug|Any CPU = Debug|Any CPU
		Debug|ARM = Debug|ARM
		Debug|x64 = Debug|x64
		Debug|x86 = Debug|x86
		Release|Any CPU = Release|Any CPU
		Release|ARM = Release|ARM
		Release|x64 = Release|x64
		Release|x86 = Release|x86
	EndGlobalSection
	GlobalSection(ProjectConfigurationPlatforms) = postSolution
		{C8E6E9A0-4837-4606-B84F-676ABC89012D}.Debug|Any CPU.ActiveCfg = Debug|x86
		{C8E6E9A0-4837-4606-B84F-676ABC89012D}.Debug|ARM.ActiveCfg = Debug|ARM
		{C8E6E9A0-4837-4606-B84F-676ABC89012D}.Debug|ARM.Build.0 = Debug|ARM
		{C8E6E9A0-4837-4606-B84F-676ABC89012D}.Debug|ARM.Deploy.0 = Debug|ARM
		{C8E6E9A0-4837-4606-B84F-676ABC89012D}.Debug|x64.ActiveCfg = Debug|x64
		{C8E6E9A0-4837-4606-B84F-676ABC89012D}.Debug|x64.Build.0 = Debug|x64
		{C8E6E9A0-4837-4606-B84F-676ABC89012D}.Debug|x64.Deploy.0 = Debug|x64
		{C8E6E9A0-4837-4606-B84F-676ABC89012D}.Debug|x86.ActiveCfg = Debug|x86
		{C8E6E9A0-4837-4606-B84F-676ABC89012D}.Debug|x86.Build.0 = Debug|x86
		{C8E6E9A0-4837-4606-B84F-676ABC89012D}.Debug|x86.Deploy.0 = Debug|x86
		{C8E6E9A0-4837-4606-B84F-676ABC89012D}.Release|Any CPU.ActiveCfg = Release|x86
		{C8E6E9A0-4837-4606-B84F-676ABC89012D}.Release|ARM.ActiveCfg = Release|ARM
		{C8E6E9A0-4837-4606-B84F-676ABC89012D}.Release|ARM.Build.0 = Release|ARM
		{C8E6E9A0-4837-4606-B84F-676ABC89012D}.Release|ARM.Deploy.0 = Release|ARM
		{C8E6E9A0-4837-4606-B84F-676ABC89012D}.Release|x64.ActiveCfg = Release|x64
		{C8E6E9A0-4837-4606-B84F-676ABC89012D}.Release|x64.Build.0 = Release|x64
		{C8E6E9A0-4837-4606-B84F-676ABC89012D}.Release|x64.Deploy.0 = Release|x64
		{C8E6E9A0-4837-4606-B84F-676ABC89012D}.Release|x86.ActiveCfg = Release|x86
		{C8E6E9A0-4837-4606-B84F-676ABC89012D}.Release|x86.Build.0 = Release|x86
		{C8E6E9A0-4837-4606-B84F-676ABC89012D}.Release|x86.Deploy.0 = Release|x86
		{D8ECBCDC-D50C-4E7B-A360-B08F2AB65E8F}.Debug|Any CPU.ActiveCfg = Debug|Any CPU
		{D8ECBCDC-D50C-4E7B-A360-B08F2AB65E8F}.Debug|Any CPU.Build.0 = Debug|Any CPU
		{D8ECBCDC-D50C-4E7B-A360-B08F2AB65E8F}.Debug|ARM.ActiveCfg = Debug|Any CPU
		{D8ECBCDC-D50C-4E7B-A360-B08F2AB65E8F}.Debug|ARM.Build.0 = Debug|Any CPU
		{D8ECBCDC-D50C-4E7B-A360-B08F2AB65E8F}.Debug|x64.ActiveCfg = Debug|Any CPU
		{D8ECBCDC-D50C-4E7B-A360-B08F2AB65E8F}.Debug|x64.Build.0 = Debug|Any CPU
		{D8ECBCDC-D50C-4E7B-A360-B08F2AB65E8F}.Debug|x86.ActiveCfg = Debug|Any CPU
		{D8ECBCDC-D50C-4E7B-A360-B08F2AB65E8F}.Debug|x86.Build.0 = Debug|Any CPU
		{D8ECBCDC-D50C-4E7B-A360-B08F2AB65E8F}.Release|Any CPU.ActiveCfg = Release|Any CPU
		{D8ECBCDC-D50C-4E7B-A360-B08F2AB65E8F}.Release|Any CPU.Build.0 = Release|Any CPU
		{D8ECBCDC-D50C-4E7B-A360-B08F2AB65E8F}.Release|ARM.ActiveCfg = Release|Any CPU
		{D8ECBCDC-D50C-4E7B-A360-B08F2AB65E8F}.Release|ARM.Build.0 = Release|Any CPU
		{D8ECBCDC-D50C-4E7B-A360-B08F2AB65E8F}.Release|x64.ActiveCfg = Release|Any CPU
		{D8ECBCDC-D50C-4E7B-A360-B08F2AB65E8F}.Release|x64.Build.0 = Release|Any CPU
		{D8ECBCDC-D50C-4E7B-A360-B08F2AB65E8F}.Release|x86.ActiveCfg = Release|Any CPU
		{D8ECBCDC-D50C-4E7B-A360-B08F2AB65E8F}.Release|x86.Build.0 = Release|Any CPU
		{3AACED53-9B78-4C64-9569-3B3B7BE36DDB}.Debug|Any CPU.ActiveCfg = Debug|Any CPU
		{3AACED53-9B78-4C64-9569-3B3B7BE36DDB}.Debug|Any CPU.Build.0 = Debug|Any CPU
		{3AACED53-9B78-4C64-9569-3B3B7BE36DDB}.Debug|ARM.ActiveCfg = Debug|Any CPU
		{3AACED53-9B78-4C64-9569-3B3B7BE36DDB}.Debug|ARM.Build.0 = Debug|Any CPU
		{3AACED53-9B78-4C64-9569-3B3B7BE36DDB}.Debug|x64.ActiveCfg = Debug|Any CPU
		{3AACED53-9B78-4C64-9569-3B3B7BE36DDB}.Debug|x64.Build.0 = Debug|Any CPU
		{3AACED53-9B78-4C64-9569-3B3B7BE36DDB}.Debug|x86.ActiveCfg = Debug|Any CPU
		{3AACED53-9B78-4C64-9569-3B3B7BE36DDB}.Debug|x86.Build.0 = Debug|Any CPU
		{3AACED53-9B78-4C64-9569-3B3B7BE36DDB}.Release|Any CPU.ActiveCfg = Release|Any CPU
		{3AACED53-9B78-4C64-9569-3B3B7BE36DDB}.Release|Any CPU.Build.0 = Release|Any CPU
		{3AACED53-9B78-4C64-9569-3B3B7BE36DDB}.Release|ARM.ActiveCfg = Release|Any CPU
		{3AACED53-9B78-4C64-9569-3B3B7BE36DDB}.Release|ARM.Build.0 = Release|Any CPU
		{3AACED53-9B78-4C64-9569-3B3B7BE36DDB}.Release|x64.ActiveCfg = Release|Any CPU
		{3AACED53-9B78-4C64-9569-3B3B7BE36DDB}.Release|x64.Build.0 = Release|Any CPU
		{3AACED53-9B78-4C64-9569-3B3B7BE36DDB}.Release|x86.ActiveCfg = Release|Any CPU
		{3AACED53-9B78-4C64-9569-3B3B7BE36DDB}.Release|x86.Build.0 = Release|Any CPU
		{7B9DD7A8-0D60-4478-B709-76F2A3D089B5}.Debug|Any CPU.ActiveCfg = Debug|Any CPU
		{7B9DD7A8-0D60-4478-B709-76F2A3D089B5}.Debug|Any CPU.Build.0 = Debug|Any CPU
		{7B9DD7A8-0D60-4478-B709-76F2A3D089B5}.Debug|ARM.ActiveCfg = Debug|Any CPU
		{7B9DD7A8-0D60-4478-B709-76F2A3D089B5}.Debug|ARM.Build.0 = Debug|Any CPU
		{7B9DD7A8-0D60-4478-B709-76F2A3D089B5}.Debug|x64.ActiveCfg = Debug|Any CPU
		{7B9DD7A8-0D60-4478-B709-76F2A3D089B5}.Debug|x64.Build.0 = Debug|Any CPU
		{7B9DD7A8-0D60-4478-B709-76F2A3D089B5}.Debug|x86.ActiveCfg = Debug|Any CPU
		{7B9DD7A8-0D60-4478-B709-76F2A3D089B5}.Debug|x86.Build.0 = Debug|Any CPU
		{7B9DD7A8-0D60-4478-B709-76F2A3D089B5}.Release|Any CPU.ActiveCfg = Release|Any CPU
		{7B9DD7A8-0D60-4478-B709-76F2A3D089B5}.Release|Any CPU.Build.0 = Release|Any CPU
		{7B9DD7A8-0D60-4478-B709-76F2A3D089B5}.Release|ARM.ActiveCfg = Release|Any CPU
		{7B9DD7A8-0D60-4478-B709-76F2A3D089B5}.Release|ARM.Build.0 = Release|Any CPU
		{7B9DD7A8-0D60-4478-B709-76F2A3D089B5}.Release|x64.ActiveCfg = Release|Any CPU
		{7B9DD7A8-0D60-4478-B709-76F2A3D089B5}.Release|x64.Build.0 = Release|Any CPU
		{7B9DD7A8-0D60-4478-B709-76F2A3D089B5}.Release|x86.ActiveCfg = Release|Any CPU
		{7B9DD7A8-0D60-4478-B709-76F2A3D089B5}.Release|x86.Build.0 = Release|Any CPU
	EndGlobalSection
	GlobalSection(SolutionProperties) = preSolution
		HideSolutionNode = FALSE
	EndGlobalSection
EndGlobal
